
Microsoft Visual Studio Solution File, Format Version 12.00
# Visual Studio Version 17
VisualStudioVersion = 17.1.32210.238
MinimumVisualStudioVersion = 10.0.40219.1
Project("{FAE04EC0-301F-11D3-BF4B-00C04F79EFBC}") = "Prosoft.deveRegister.api", "Prosoft.deveRegister.api\Prosoft.deveRegister.api.csproj", "{DA374EBC-32DF-452D-9D9F-C255880E0DC0}"
EndProject
Global
	GlobalSection(SolutionConfigurationPlatforms) = preSolution
		Debug|Any CPU = Debug|Any CPU
		Release|Any CPU = Release|Any CPU
	EndGlobalSection
	GlobalSection(ProjectConfigurationPlatforms) = postSolution
		{DA374EBC-32DF-452D-9D9F-C255880E0DC0}.Debug|Any CPU.ActiveCfg = Debug|Any CPU
		{DA374EBC-32DF-452D-9D9F-C255880E0DC0}.Debug|Any CPU.Build.0 = Debug|Any CPU
		{DA374EBC-32DF-452D-9D9F-C255880E0DC0}.Release|Any CPU.ActiveCfg = Release|Any CPU
		{DA374EBC-32DF-452D-9D9F-C255880E0DC0}.Release|Any CPU.Build.0 = Release|Any CPU
	EndGlobalSection
	GlobalSection(SolutionProperties) = preSolution
		HideSolutionNode = FALSE
	EndGlobalSection
	GlobalSection(ExtensibilityGlobals) = postSolution
		SolutionGuid = {B3EBC10A-D32D-4514-8629-FBEE68346DA0}
	EndGlobalSection
EndGlobal
